{
  "name": "claude-gpt-launcher",
  "version": "1.0.0",
  "lockfileVersion": 3,
  "requires": true,
  "packages": {
    "": {
      "name": "claude-gpt-launcher",
      "version": "1.0.0",
      "cpu": [
        "arm64"
      ],
      "license": "MIT",
      "os": [
        "darwin"
      ],
      "bin": {
        "claude-gpt": "script/claude-gpt",
        "claude-gpt-launcher": "npm/cli.mjs"
      },
      "engines": {
        "node": ">=20"
      }
    }
  }
}
